
Microsoft Visual Studio Solution File, Format Version 10.00
# Visual Studio 2008
Project("{8BC9CEB8-8B4A-11D0-8D11-00A0C91BC942}") = "hloadlibrary", "hloadlibrary\hloadlibrary.vcproj", "{7BA3DBBA-0084-4866-AE21-B6F8982F9435}"
EndProject
Project("{8BC9CEB8-8B4A-11D0-8D11-00A0C91BC942}") = "test", "testdll\testdll.vcproj", "{3F25D66A-5E14-4998-986E-D556D80B62D0}"
EndProject
Global
	GlobalSection(SolutionConfigurationPlatforms) = preSolution
		Debug|Win32 = Debug|Win32
		Release|Win32 = Release|Win32
	EndGlobalSection
	GlobalSection(ProjectConfigurationPlatforms) = postSolution
		{7BA3DBBA-0084-4866-AE21-B6F8982F9435}.Debug|Win32.ActiveCfg = Debug|Win32
		{7BA3DBBA-0084-4866-AE21-B6F8982F9435}.Debug|Win32.Build.0 = Debug|Win32
		{7BA3DBBA-0084-4866-AE21-B6F8982F9435}.Release|Win32.ActiveCfg = Release|Win32
		{7BA3DBBA-0084-4866-AE21-B6F8982F9435}.Release|Win32.Build.0 = Release|Win32
		{3F25D66A-5E14-4998-986E-D556D80B62D0}.Debug|Win32.ActiveCfg = Debug|Win32
		{3F25D66A-5E14-4998-986E-D556D80B62D0}.Debug|Win32.Build.0 = Debug|Win32
		{3F25D66A-5E14-4998-986E-D556D80B62D0}.Release|Win32.ActiveCfg = Release|Win32
		{3F25D66A-5E14-4998-986E-D556D80B62D0}.Release|Win32.Build.0 = Release|Win32
	EndGlobalSection
	GlobalSection(SolutionProperties) = preSolution
		HideSolutionNode = FALSE
	EndGlobalSection
EndGlobal
